
Microsoft Visual Studio Solution File, Format Version 12.00
# Visual Studio Version 17
VisualStudioVersion = 17.11.35327.3
MinimumVisualStudioVersion = 10.0.40219.1
Project("{FAE04EC0-301F-11D3-BF4B-00C04F79EFBC}") = "01. SortEvenNumbers", "01. SortEvenNumbers\01. SortEvenNumbers.csproj", "{6E8FBF75-977F-41B2-BE6C-A0E2EBCBE97A}"
EndProject
Project("{FAE04EC0-301F-11D3-BF4B-00C04F79EFBC}") = "02. SumNumbers", "02. SumNumbers\02. SumNumbers.csproj", "{9B27B1DE-F3B6-4168-832B-CE11B4E64BB4}"
EndProject
Project("{FAE04EC0-301F-11D3-BF4B-00C04F79EFBC}") = "03. CountUppercaseWords", "03. CountUppercaseWords\03. CountUppercaseWords.csproj", "{60C02190-F199-496B-B80D-D8BAD7299584}"
EndProject
Project("{FAE04EC0-301F-11D3-BF4B-00C04F79EFBC}") = "PracticingFunc", "PracticingFunc\PracticingFunc.csproj", "{7BFF21D2-7BAC-43EF-9141-43EFC3201B61}"
EndProject
Project("{FAE04EC0-301F-11D3-BF4B-00C04F79EFBC}") = "04. AddVAT", "04. AddVAT\04. AddVAT.csproj", "{82B02DF5-7D6F-45FA-B59E-767DA17C03B1}"
EndProject
Global
	GlobalSection(SolutionConfigurationPlatforms) = preSolution
		Debug|Any CPU = Debug|Any CPU
		Release|Any CPU = Release|Any CPU
	EndGlobalSection
	GlobalSection(ProjectConfigurationPlatforms) = postSolution
		{6E8FBF75-977F-41B2-BE6C-A0E2EBCBE97A}.Debug|Any CPU.ActiveCfg = Debug|Any CPU
		{6E8FBF75-977F-41B2-BE6C-A0E2EBCBE97A}.Debug|Any CPU.Build.0 = Debug|Any CPU
		{6E8FBF75-977F-41B2-BE6C-A0E2EBCBE97A}.Release|Any CPU.ActiveCfg = Release|Any CPU
		{6E8FBF75-977F-41B2-BE6C-A0E2EBCBE97A}.Release|Any CPU.Build.0 = Release|Any CPU
		{9B27B1DE-F3B6-4168-832B-CE11B4E64BB4}.Debug|Any CPU.ActiveCfg = Debug|Any CPU
		{9B27B1DE-F3B6-4168-832B-CE11B4E64BB4}.Debug|Any CPU.Build.0 = Debug|Any CPU
		{9B27B1DE-F3B6-4168-832B-CE11B4E64BB4}.Release|Any CPU.ActiveCfg = Release|Any CPU
		{9B27B1DE-F3B6-4168-832B-CE11B4E64BB4}.Release|Any CPU.Build.0 = Release|Any CPU
		{60C02190-F199-496B-B80D-D8BAD7299584}.Debug|Any CPU.ActiveCfg = Debug|Any CPU
		{60C02190-F199-496B-B80D-D8BAD7299584}.Debug|Any CPU.Build.0 = Debug|Any CPU
		{60C02190-F199-496B-B80D-D8BAD7299584}.Release|Any CPU.ActiveCfg = Release|Any CPU
		{60C02190-F199-496B-B80D-D8BAD7299584}.Release|Any CPU.Build.0 = Release|Any CPU
		{7BFF21D2-7BAC-43EF-9141-43EFC3201B61}.Debug|Any CPU.ActiveCfg = Debug|Any CPU
		{7BFF21D2-7BAC-43EF-9141-43EFC3201B61}.Debug|Any CPU.Build.0 = Debug|Any CPU
		{7BFF21D2-7BAC-43EF-9141-43EFC3201B61}.Release|Any CPU.ActiveCfg = Release|Any CPU
		{7BFF21D2-7BAC-43EF-9141-43EFC3201B61}.Release|Any CPU.Build.0 = Release|Any CPU
		{82B02DF5-7D6F-45FA-B59E-767DA17C03B1}.Debug|Any CPU.ActiveCfg = Debug|Any CPU
		{82B02DF5-7D6F-45FA-B59E-767DA17C03B1}.Debug|Any CPU.Build.0 = Debug|Any CPU
		{82B02DF5-7D6F-45FA-B59E-767DA17C03B1}.Release|Any CPU.ActiveCfg = Release|Any CPU
		{82B02DF5-7D6F-45FA-B59E-767DA17C03B1}.Release|Any CPU.Build.0 = Release|Any CPU
	EndGlobalSection
	GlobalSection(SolutionProperties) = preSolution
		HideSolutionNode = FALSE
	EndGlobalSection
	GlobalSection(ExtensibilityGlobals) = postSolution
		SolutionGuid = {D515D0D8-0760-482A-B0A8-B697F16C0767}
	EndGlobalSection
EndGlobal
